{
  "nodes": {
    "home-manager": {
      "inputs": {
        "nixpkgs": [
          "nixpkgs"
        ]
      },
      "locked": {
        "lastModified": 1738789832,
        "narHash": "sha256-HdlMPfObPu5y7oDfH/w3vvlU3UTQ/bQjSULChZARm5M=",
        "owner": "nix-community",
        "repo": "home-manager",
        "rev": "30ea6fed4e4b41693cebc2263373dd810de4de49",
        "type": "github"
      },
      "original": {
        "owner": "nix-community",
        "repo": "home-manager",
        "type": "github"
      }
    },
    "nix-darwin": {
      "inputs": {
        "nixpkgs": [
          "nixpkgs"
        ]
      },
      "locked": {
        "lastModified": 1738743987,
        "narHash": "sha256-O3bnAfsObto6l2tQOmQlrO6Z2kD6yKwOWfs7pA0CpOc=",
        "owner": "LnL7",
        "repo": "nix-darwin",
        "rev": "ae406c04577ff9a64087018c79b4fdc02468c87c",
        "type": "github"
      },
      "original": {
        "owner": "LnL7",
        "repo": "nix-darwin",
        "type": "github"
      }
    },
    "nixpkgs": {
      "locked": {
        "lastModified": 1738765515,
        "narHash": "sha256-/fN8eSCHWbjOPOe+rbJWfWrtOdFMElJW+L1y2Cq32bY=",
        "owner": "NixOS",
        "repo": "nixpkgs",
        "rev": "ccfae3057498f5a740be4c5a13aa800813a13084",
        "type": "github"
      },
      "original": {
        "owner": "NixOS",
        "ref": "nixpkgs-unstable",
        "repo": "nixpkgs",
        "type": "github"
      }
    },
    "root": {
      "inputs": {
        "home-manager": "home-manager",
        "nix-darwin": "nix-darwin",
        "nixpkgs": "nixpkgs"
      }
    }
  },
  "root": "root",
  "version": 7
}
